PODS:
  - Flutter (1.0.0)
  - mek_stripe_terminal (3.7.0):
    - Flutter
    - StripeTerminal (~> 3.7.0)
  - StripeTerminal (3.7.0)

DEPENDENCIES:
  - Flutter (from `Flutter`)
  - mek_stripe_terminal (from `.symlinks/plugins/mek_stripe_terminal/ios`)

SPEC REPOS:
  trunk:
    - StripeTerminal

EXTERNAL SOURCES:
  Flutter:
    :path: Flutter
  mek_stripe_terminal:
    :path: ".symlinks/plugins/mek_stripe_terminal/ios"

SPEC CHECKSUMS:
  Flutter: e0871f40cf51350855a761d2e70bf5af5b9b5de7
  mek_stripe_terminal: 9e6797e0e7c3efa4b6b4c4b7735f8d5b84fdb014
  StripeTerminal: 7188b9f8bb3f3c9f0ad5f18217f26ccb07001988

PODFILE CHECKSUM: 819463e6a0290f5a72f145ba7cde16e8b6ef0796

COCOAPODS: 1.14.3
